
Microsoft Visual Studio Solution File, Format Version 12.00
# Visual Studio 15
VisualStudioVersion = 15.0.27703.2035
MinimumVisualStudioVersion = 10.0.40219.1
Project("{FAE04EC0-301F-11D3-BF4B-00C04F79EFBC}") = "ICPOS.Web", "ICPOS.Web\ICPOS.Web.csproj", "{6B8D00E4-45C1-4FD6-9631-CC03290A3513}"
EndProject
Project("{FAE04EC0-301F-11D3-BF4B-00C04F79EFBC}") = "ICPOS.Common", "ICPOS.Common\ICPOS.Common.csproj", "{1044F6B2-F00A-4259-881B-80F6EA678FBB}"
EndProject
Project("{FAE04EC0-301F-11D3-BF4B-00C04F79EFBC}") = "ICPOS.EntityFramwork", "ICPOS.EntityFramwork\ICPOS.EntityFramwork.csproj", "{AE4A8571-C1A6-4399-B175-15317D61AFAD}"
EndProject
Project("{FAE04EC0-301F-11D3-BF4B-00C04F79EFBC}") = "ICPOS.Service", "ICPOS.Service\ICPOS.Service.csproj", "{C392E8CB-79B0-44AA-BDF8-C92F03036A67}"
EndProject
Global
	GlobalSection(SolutionConfigurationPlatforms) = preSolution
		Debug|Any CPU = Debug|Any CPU
		Release|Any CPU = Release|Any CPU
	EndGlobalSection
	GlobalSection(ProjectConfigurationPlatforms) = postSolution
		{6B8D00E4-45C1-4FD6-9631-CC03290A3513}.Debug|Any CPU.ActiveCfg = Debug|Any CPU
		{6B8D00E4-45C1-4FD6-9631-CC03290A3513}.Debug|Any CPU.Build.0 = Debug|Any CPU
		{6B8D00E4-45C1-4FD6-9631-CC03290A3513}.Release|Any CPU.ActiveCfg = Release|Any CPU
		{6B8D00E4-45C1-4FD6-9631-CC03290A3513}.Release|Any CPU.Build.0 = Release|Any CPU
		{1044F6B2-F00A-4259-881B-80F6EA678FBB}.Debug|Any CPU.ActiveCfg = Debug|Any CPU
		{1044F6B2-F00A-4259-881B-80F6EA678FBB}.Debug|Any CPU.Build.0 = Debug|Any CPU
		{1044F6B2-F00A-4259-881B-80F6EA678FBB}.Release|Any CPU.ActiveCfg = Release|Any CPU
		{1044F6B2-F00A-4259-881B-80F6EA678FBB}.Release|Any CPU.Build.0 = Release|Any CPU
		{AE4A8571-C1A6-4399-B175-15317D61AFAD}.Debug|Any CPU.ActiveCfg = Debug|Any CPU
		{AE4A8571-C1A6-4399-B175-15317D61AFAD}.Debug|Any CPU.Build.0 = Debug|Any CPU
		{AE4A8571-C1A6-4399-B175-15317D61AFAD}.Release|Any CPU.ActiveCfg = Release|Any CPU
		{AE4A8571-C1A6-4399-B175-15317D61AFAD}.Release|Any CPU.Build.0 = Release|Any CPU
		{C392E8CB-79B0-44AA-BDF8-C92F03036A67}.Debug|Any CPU.ActiveCfg = Debug|Any CPU
		{C392E8CB-79B0-44AA-BDF8-C92F03036A67}.Debug|Any CPU.Build.0 = Debug|Any CPU
		{C392E8CB-79B0-44AA-BDF8-C92F03036A67}.Release|Any CPU.ActiveCfg = Release|Any CPU
		{C392E8CB-79B0-44AA-BDF8-C92F03036A67}.Release|Any CPU.Build.0 = Release|Any CPU
	EndGlobalSection
	GlobalSection(SolutionProperties) = preSolution
		HideSolutionNode = FALSE
	EndGlobalSection
	GlobalSection(ExtensibilityGlobals) = postSolution
		SolutionGuid = {6380DB18-72BB-430D-9D2C-13827902F8FA}
	EndGlobalSection
EndGlobal
