
Microsoft Visual Studio Solution File, Format Version 12.00
# Visual Studio 15
VisualStudioVersion = 15.0.27703.2035
MinimumVisualStudioVersion = 10.0.40219.1
Project("{9A19103F-16F7-4668-BE54-9A1E7A4F7556}") = "ICPOS.Web", "ICPOS.Web\ICPOS.Web.csproj", "{2D64E36F-E789-4CD5-B7E2-897D86946BAA}"
EndProject
Project("{9A19103F-16F7-4668-BE54-9A1E7A4F7556}") = "ICPOS.Common", "ICPOS.Common\ICPOS.Common.csproj", "{7604A56C-04BE-49D1-9F04-4D32E04DD683}"
EndProject
Project("{9A19103F-16F7-4668-BE54-9A1E7A4F7556}") = "ICPOS.EntityFramwork", "ICPOS.EntityFramwork\ICPOS.EntityFramwork.csproj", "{95C69540-B674-4166-BAE9-2F574240D971}"
EndProject
Global
	GlobalSection(SolutionConfigurationPlatforms) = preSolution
		Debug|Any CPU = Debug|Any CPU
		Release|Any CPU = Release|Any CPU
	EndGlobalSection
	GlobalSection(ProjectConfigurationPlatforms) = postSolution
		{2D64E36F-E789-4CD5-B7E2-897D86946BAA}.Debug|Any CPU.ActiveCfg = Debug|Any CPU
		{2D64E36F-E789-4CD5-B7E2-897D86946BAA}.Debug|Any CPU.Build.0 = Debug|Any CPU
		{2D64E36F-E789-4CD5-B7E2-897D86946BAA}.Release|Any CPU.ActiveCfg = Release|Any CPU
		{2D64E36F-E789-4CD5-B7E2-897D86946BAA}.Release|Any CPU.Build.0 = Release|Any CPU
		{7604A56C-04BE-49D1-9F04-4D32E04DD683}.Debug|Any CPU.ActiveCfg = Debug|Any CPU
		{7604A56C-04BE-49D1-9F04-4D32E04DD683}.Debug|Any CPU.Build.0 = Debug|Any CPU
		{7604A56C-04BE-49D1-9F04-4D32E04DD683}.Release|Any CPU.ActiveCfg = Release|Any CPU
		{7604A56C-04BE-49D1-9F04-4D32E04DD683}.Release|Any CPU.Build.0 = Release|Any CPU
		{95C69540-B674-4166-BAE9-2F574240D971}.Debug|Any CPU.ActiveCfg = Debug|Any CPU
		{95C69540-B674-4166-BAE9-2F574240D971}.Debug|Any CPU.Build.0 = Debug|Any CPU
		{95C69540-B674-4166-BAE9-2F574240D971}.Release|Any CPU.ActiveCfg = Release|Any CPU
		{95C69540-B674-4166-BAE9-2F574240D971}.Release|Any CPU.Build.0 = Release|Any CPU
	EndGlobalSection
	GlobalSection(SolutionProperties) = preSolution
		HideSolutionNode = FALSE
	EndGlobalSection
	GlobalSection(ExtensibilityGlobals) = postSolution
		SolutionGuid = {6380DB18-72BB-430D-9D2C-13827902F8FA}
	EndGlobalSection
EndGlobal
